
Microsoft Visual Studio Solution File, Format Version 12.00
# Visual Studio Version 16
VisualStudioVersion = 16.0.31729.503
MinimumVisualStudioVersion = 10.0.40219.1
Project("{FAE04EC0-301F-11D3-BF4B-00C04F79EFBC}") = "Lab9", "Lab9\Lab9.csproj", "{531A1E0F-A5D0-49AB-A6C1-9A8AEC9FA3F8}"
EndProject
Global
	GlobalSection(SolutionConfigurationPlatforms) = preSolution
		Debug|Any CPU = Debug|Any CPU
		Release|Any CPU = Release|Any CPU
	EndGlobalSection
	GlobalSection(ProjectConfigurationPlatforms) = postSolution
		{531A1E0F-A5D0-49AB-A6C1-9A8AEC9FA3F8}.Debug|Any CPU.ActiveCfg = Debug|Any CPU
		{531A1E0F-A5D0-49AB-A6C1-9A8AEC9FA3F8}.Debug|Any CPU.Build.0 = Debug|Any CPU
		{531A1E0F-A5D0-49AB-A6C1-9A8AEC9FA3F8}.Release|Any CPU.ActiveCfg = Release|Any CPU
		{531A1E0F-A5D0-49AB-A6C1-9A8AEC9FA3F8}.Release|Any CPU.Build.0 = Release|Any CPU
	EndGlobalSection
	GlobalSection(SolutionProperties) = preSolution
		HideSolutionNode = FALSE
	EndGlobalSection
	GlobalSection(ExtensibilityGlobals) = postSolution
		SolutionGuid = {DD3E4A35-EBDE-4529-96EF-B1F93898731A}
	EndGlobalSection
EndGlobal
